
Microsoft Visual Studio Solution File, Format Version 12.00
# Visual Studio Version 17
VisualStudioVersion = 17.11.35327.3
MinimumVisualStudioVersion = 10.0.40219.1
Project("{9A19103F-16F7-4668-BE54-9A1E7A4F7556}") = "TaylorWessing", "TaylorWessing\TaylorWessing.csproj", "{A225DC54-1DDF-4903-B8FB-8FC9D2E986E9}"
EndProject
Project("{2150E333-8FDC-42A3-9474-1A3956D46DE8}") = "Infrastructure", "Infrastructure", "{D21534AF-604A-4AE7-962E-FE220DE1A554}"
EndProject
Project("{FAE04EC0-301F-11D3-BF4B-00C04F79EFBC}") = "TaylorWessing.Persistence", "TaylorWessing.Persistence\TaylorWessing.Persistence.csproj", "{ECF3CE01-0C21-4813-82F5-813906EBF03C}"
EndProject
Project("{FAE04EC0-301F-11D3-BF4B-00C04F79EFBC}") = "TaylorWesing.Contracts", "TaylorWesing.Contracts\TaylorWesing.Contracts.csproj", "{D1CD5D59-B641-413E-8693-E6FB08A76F27}"
EndProject
Global
	GlobalSection(SolutionConfigurationPlatforms) = preSolution
		Debug|Any CPU = Debug|Any CPU
		Release|Any CPU = Release|Any CPU
	EndGlobalSection
	GlobalSection(ProjectConfigurationPlatforms) = postSolution
		{A225DC54-1DDF-4903-B8FB-8FC9D2E986E9}.Debug|Any CPU.ActiveCfg = Debug|Any CPU
		{A225DC54-1DDF-4903-B8FB-8FC9D2E986E9}.Debug|Any CPU.Build.0 = Debug|Any CPU
		{A225DC54-1DDF-4903-B8FB-8FC9D2E986E9}.Release|Any CPU.ActiveCfg = Release|Any CPU
		{A225DC54-1DDF-4903-B8FB-8FC9D2E986E9}.Release|Any CPU.Build.0 = Release|Any CPU
		{ECF3CE01-0C21-4813-82F5-813906EBF03C}.Debug|Any CPU.ActiveCfg = Debug|Any CPU
		{ECF3CE01-0C21-4813-82F5-813906EBF03C}.Debug|Any CPU.Build.0 = Debug|Any CPU
		{ECF3CE01-0C21-4813-82F5-813906EBF03C}.Release|Any CPU.ActiveCfg = Release|Any CPU
		{ECF3CE01-0C21-4813-82F5-813906EBF03C}.Release|Any CPU.Build.0 = Release|Any CPU
		{D1CD5D59-B641-413E-8693-E6FB08A76F27}.Debug|Any CPU.ActiveCfg = Debug|Any CPU
		{D1CD5D59-B641-413E-8693-E6FB08A76F27}.Debug|Any CPU.Build.0 = Debug|Any CPU
		{D1CD5D59-B641-413E-8693-E6FB08A76F27}.Release|Any CPU.ActiveCfg = Release|Any CPU
		{D1CD5D59-B641-413E-8693-E6FB08A76F27}.Release|Any CPU.Build.0 = Release|Any CPU
	EndGlobalSection
	GlobalSection(SolutionProperties) = preSolution
		HideSolutionNode = FALSE
	EndGlobalSection
	GlobalSection(NestedProjects) = preSolution
		{ECF3CE01-0C21-4813-82F5-813906EBF03C} = {D21534AF-604A-4AE7-962E-FE220DE1A554}
		{D1CD5D59-B641-413E-8693-E6FB08A76F27} = {D21534AF-604A-4AE7-962E-FE220DE1A554}
	EndGlobalSection
	GlobalSection(ExtensibilityGlobals) = postSolution
		SolutionGuid = {F6FA28C5-1EFA-407C-993E-45EBAA7E59DA}
	EndGlobalSection
EndGlobal
